
Microsoft Visual Studio Solution File, Format Version 12.00
# Visual Studio 14
VisualStudioVersion = 14.0.25420.1
MinimumVisualStudioVersion = 10.0.40219.1
Project("{2150E333-8FDC-42A3-9474-1A3956D46DE8}") = "src", "src", "{E846D318-D43D-4915-9B9F-F06E27F6B305}"
EndProject
Project("{2150E333-8FDC-42A3-9474-1A3956D46DE8}") = "Solution Items", "Solution Items", "{41C225E5-77B6-4D8B-95D4-E6237F25258E}"
	ProjectSection(SolutionItems) = preProject
		global.json = global.json
	EndProjectSection
EndProject
Project("{8BB2217D-0F2D-49D1-97BC-3654ED321F3B}") = "EcommerceNetCore1.1.0", "src\EcommerceNetCore1.1.0\EcommerceNetCore1.1.0.xproj", "{830D50A9-BD4B-4EEF-8C99-4C677FE1D427}"
EndProject
Project("{2150E333-8FDC-42A3-9474-1A3956D46DE8}") = "1 - Presentation", "1 - Presentation", "{9AEC4FF8-901E-4BB3-BCBE-609045CA275B}"
EndProject
Global
	GlobalSection(SolutionConfigurationPlatforms) = preSolution
		Debug|Any CPU = Debug|Any CPU
		Release|Any CPU = Release|Any CPU
	EndGlobalSection
	GlobalSection(ProjectConfigurationPlatforms) = postSolution
		{830D50A9-BD4B-4EEF-8C99-4C677FE1D427}.Debug|Any CPU.ActiveCfg = Debug|Any CPU
		{830D50A9-BD4B-4EEF-8C99-4C677FE1D427}.Debug|Any CPU.Build.0 = Debug|Any CPU
		{830D50A9-BD4B-4EEF-8C99-4C677FE1D427}.Release|Any CPU.ActiveCfg = Release|Any CPU
		{830D50A9-BD4B-4EEF-8C99-4C677FE1D427}.Release|Any CPU.Build.0 = Release|Any CPU
	EndGlobalSection
	GlobalSection(SolutionProperties) = preSolution
		HideSolutionNode = FALSE
	EndGlobalSection
	GlobalSection(NestedProjects) = preSolution
		{830D50A9-BD4B-4EEF-8C99-4C677FE1D427} = {9AEC4FF8-901E-4BB3-BCBE-609045CA275B}
		{9AEC4FF8-901E-4BB3-BCBE-609045CA275B} = {E846D318-D43D-4915-9B9F-F06E27F6B305}
	EndGlobalSection
EndGlobal
