
Microsoft Visual Studio Solution File, Format Version 12.00
# Visual Studio 14
VisualStudioVersion = 14.0.25420.1
MinimumVisualStudioVersion = 10.0.40219.1
Project("{2150E333-8FDC-42A3-9474-1A3956D46DE8}") = "src", "src", "{E846D318-D43D-4915-9B9F-F06E27F6B305}"
EndProject
Project("{2150E333-8FDC-42A3-9474-1A3956D46DE8}") = "Solution Items", "Solution Items", "{41C225E5-77B6-4D8B-95D4-E6237F25258E}"
	ProjectSection(SolutionItems) = preProject
		global.json = global.json
	EndProjectSection
EndProject
Project("{2150E333-8FDC-42A3-9474-1A3956D46DE8}") = "1 - Presentation", "1 - Presentation", "{9AEC4FF8-901E-4BB3-BCBE-609045CA275B}"
EndProject
Project("{2150E333-8FDC-42A3-9474-1A3956D46DE8}") = "2 - Application", "2 - Application", "{9F74E583-493E-4DAB-9F5B-36A1A20BE1B5}"
EndProject
Project("{2150E333-8FDC-42A3-9474-1A3956D46DE8}") = "3 - Domain", "3 - Domain", "{D77C13E7-30A0-45D2-8D07-83F0BBAFCE5F}"
EndProject
Project("{2150E333-8FDC-42A3-9474-1A3956D46DE8}") = "4 - Infra", "4 - Infra", "{D6FE5724-D6AF-46F8-8E40-7FACC7F15752}"
EndProject
Project("{2150E333-8FDC-42A3-9474-1A3956D46DE8}") = "4.1 - Data", "4.1 - Data", "{5D8C4F18-F026-4275-AE0A-04A8F00E0B60}"
EndProject
Project("{2150E333-8FDC-42A3-9474-1A3956D46DE8}") = "4.2 - CrossCutting", "4.2 - CrossCutting", "{057868FA-B94C-4FB6-9A9A-A2574C925A02}"
EndProject
Global
	GlobalSection(SolutionProperties) = preSolution
		HideSolutionNode = FALSE
	EndGlobalSection
	GlobalSection(NestedProjects) = preSolution
		{9AEC4FF8-901E-4BB3-BCBE-609045CA275B} = {E846D318-D43D-4915-9B9F-F06E27F6B305}
		{9F74E583-493E-4DAB-9F5B-36A1A20BE1B5} = {E846D318-D43D-4915-9B9F-F06E27F6B305}
		{D77C13E7-30A0-45D2-8D07-83F0BBAFCE5F} = {E846D318-D43D-4915-9B9F-F06E27F6B305}
		{D6FE5724-D6AF-46F8-8E40-7FACC7F15752} = {E846D318-D43D-4915-9B9F-F06E27F6B305}
		{5D8C4F18-F026-4275-AE0A-04A8F00E0B60} = {D6FE5724-D6AF-46F8-8E40-7FACC7F15752}
		{057868FA-B94C-4FB6-9A9A-A2574C925A02} = {D6FE5724-D6AF-46F8-8E40-7FACC7F15752}
	EndGlobalSection
EndGlobal
