
Microsoft Visual Studio Solution File, Format Version 12.00
# Visual Studio 14
VisualStudioVersion = 14.0.25420.1
MinimumVisualStudioVersion = 10.0.40219.1
Project("{2150E333-8FDC-42A3-9474-1A3956D46DE8}") = "src", "src", "{E846D318-D43D-4915-9B9F-F06E27F6B305}"
EndProject
Project("{2150E333-8FDC-42A3-9474-1A3956D46DE8}") = "Solution Items", "Solution Items", "{41C225E5-77B6-4D8B-95D4-E6237F25258E}"
	ProjectSection(SolutionItems) = preProject
		global.json = global.json
	EndProjectSection
EndProject
Project("{2150E333-8FDC-42A3-9474-1A3956D46DE8}") = "1 - Presentation", "1 - Presentation", "{9AEC4FF8-901E-4BB3-BCBE-609045CA275B}"
EndProject
Project("{2150E333-8FDC-42A3-9474-1A3956D46DE8}") = "2 - Application", "2 - Application", "{9F74E583-493E-4DAB-9F5B-36A1A20BE1B5}"
EndProject
Project("{2150E333-8FDC-42A3-9474-1A3956D46DE8}") = "3 - Domain", "3 - Domain", "{D77C13E7-30A0-45D2-8D07-83F0BBAFCE5F}"
EndProject
Project("{2150E333-8FDC-42A3-9474-1A3956D46DE8}") = "4 - Infra", "4 - Infra", "{D6FE5724-D6AF-46F8-8E40-7FACC7F15752}"
EndProject
Project("{2150E333-8FDC-42A3-9474-1A3956D46DE8}") = "4.1 - Data", "4.1 - Data", "{5D8C4F18-F026-4275-AE0A-04A8F00E0B60}"
EndProject
Project("{2150E333-8FDC-42A3-9474-1A3956D46DE8}") = "4.2 - CrossCutting", "4.2 - CrossCutting", "{057868FA-B94C-4FB6-9A9A-A2574C925A02}"
EndProject
Project("{8BB2217D-0F2D-49D1-97BC-3654ED321F3B}") = "Gzt.Infra.CrossCutting.IoC", "src\Gzt.Infra.CrossCutting.IoC\Gzt.Infra.CrossCutting.IoC.xproj", "{D2175679-E389-4852-9874-884F8E1A113D}"
EndProject
Project("{8BB2217D-0F2D-49D1-97BC-3654ED321F3B}") = "Gzt.Infra.CrossCutting.Identity", "src\Gzt.Infra.CrossCutting.Identity\Gzt.Infra.CrossCutting.Identity.xproj", "{D9A21FF3-9D50-4A34-87DA-3BC4B96D8EE0}"
EndProject
Project("{8BB2217D-0F2D-49D1-97BC-3654ED321F3B}") = "Gzt.Infra.CrossCutting.Bus", "src\Gzt.Infra.CrossCutting.Bus\Gzt.Infra.CrossCutting.Bus.xproj", "{C514ECBE-F636-4B69-9E5D-6BC1FD6BA58A}"
EndProject
Project("{8BB2217D-0F2D-49D1-97BC-3654ED321F3B}") = "Gzt.Infra.Data", "src\Gzt.Infra.Data\Gzt.Infra.Data.xproj", "{F3DE4EFE-A311-4C79-8BF2-4EFF9791F909}"
EndProject
Project("{8BB2217D-0F2D-49D1-97BC-3654ED321F3B}") = "Gzt.Domain", "src\Gzt.Domain\Gzt.Domain.xproj", "{578CD63C-A25D-4B87-9BDC-983038737D64}"
EndProject
Project("{8BB2217D-0F2D-49D1-97BC-3654ED321F3B}") = "Gzt.Domain.Core", "src\Gzt.Domain.Core\Gzt.Domain.Core.xproj", "{6CA39F82-D09F-4869-97BA-436A909FA969}"
EndProject
Project("{8BB2217D-0F2D-49D1-97BC-3654ED321F3B}") = "Gzt.Application", "src\Gzt.Application\Gzt.Application.xproj", "{BD6F007A-5505-4B07-808D-1737B6B5FF1F}"
EndProject
Project("{8BB2217D-0F2D-49D1-97BC-3654ED321F3B}") = "GazetaDoTocantins.UI.Site", "src\GazetaDoTocantins.UI.Site\GazetaDoTocantins.UI.Site.xproj", "{DB455537-96EF-430A-A995-1E20FA33F9B1}"
EndProject
Global
	GlobalSection(SolutionConfigurationPlatforms) = preSolution
		Debug|Any CPU = Debug|Any CPU
		Release|Any CPU = Release|Any CPU
	EndGlobalSection
	GlobalSection(ProjectConfigurationPlatforms) = postSolution
		{D2175679-E389-4852-9874-884F8E1A113D}.Debug|Any CPU.ActiveCfg = Debug|Any CPU
		{D2175679-E389-4852-9874-884F8E1A113D}.Debug|Any CPU.Build.0 = Debug|Any CPU
		{D2175679-E389-4852-9874-884F8E1A113D}.Release|Any CPU.ActiveCfg = Release|Any CPU
		{D2175679-E389-4852-9874-884F8E1A113D}.Release|Any CPU.Build.0 = Release|Any CPU
		{D9A21FF3-9D50-4A34-87DA-3BC4B96D8EE0}.Debug|Any CPU.ActiveCfg = Debug|Any CPU
		{D9A21FF3-9D50-4A34-87DA-3BC4B96D8EE0}.Debug|Any CPU.Build.0 = Debug|Any CPU
		{D9A21FF3-9D50-4A34-87DA-3BC4B96D8EE0}.Release|Any CPU.ActiveCfg = Release|Any CPU
		{D9A21FF3-9D50-4A34-87DA-3BC4B96D8EE0}.Release|Any CPU.Build.0 = Release|Any CPU
		{C514ECBE-F636-4B69-9E5D-6BC1FD6BA58A}.Debug|Any CPU.ActiveCfg = Debug|Any CPU
		{C514ECBE-F636-4B69-9E5D-6BC1FD6BA58A}.Debug|Any CPU.Build.0 = Debug|Any CPU
		{C514ECBE-F636-4B69-9E5D-6BC1FD6BA58A}.Release|Any CPU.ActiveCfg = Release|Any CPU
		{C514ECBE-F636-4B69-9E5D-6BC1FD6BA58A}.Release|Any CPU.Build.0 = Release|Any CPU
		{F3DE4EFE-A311-4C79-8BF2-4EFF9791F909}.Debug|Any CPU.ActiveCfg = Debug|Any CPU
		{F3DE4EFE-A311-4C79-8BF2-4EFF9791F909}.Debug|Any CPU.Build.0 = Debug|Any CPU
		{F3DE4EFE-A311-4C79-8BF2-4EFF9791F909}.Release|Any CPU.ActiveCfg = Release|Any CPU
		{F3DE4EFE-A311-4C79-8BF2-4EFF9791F909}.Release|Any CPU.Build.0 = Release|Any CPU
		{578CD63C-A25D-4B87-9BDC-983038737D64}.Debug|Any CPU.ActiveCfg = Debug|Any CPU
		{578CD63C-A25D-4B87-9BDC-983038737D64}.Debug|Any CPU.Build.0 = Debug|Any CPU
		{578CD63C-A25D-4B87-9BDC-983038737D64}.Release|Any CPU.ActiveCfg = Release|Any CPU
		{578CD63C-A25D-4B87-9BDC-983038737D64}.Release|Any CPU.Build.0 = Release|Any CPU
		{6CA39F82-D09F-4869-97BA-436A909FA969}.Debug|Any CPU.ActiveCfg = Debug|Any CPU
		{6CA39F82-D09F-4869-97BA-436A909FA969}.Debug|Any CPU.Build.0 = Debug|Any CPU
		{6CA39F82-D09F-4869-97BA-436A909FA969}.Release|Any CPU.ActiveCfg = Release|Any CPU
		{6CA39F82-D09F-4869-97BA-436A909FA969}.Release|Any CPU.Build.0 = Release|Any CPU
		{BD6F007A-5505-4B07-808D-1737B6B5FF1F}.Debug|Any CPU.ActiveCfg = Debug|Any CPU
		{BD6F007A-5505-4B07-808D-1737B6B5FF1F}.Debug|Any CPU.Build.0 = Debug|Any CPU
		{BD6F007A-5505-4B07-808D-1737B6B5FF1F}.Release|Any CPU.ActiveCfg = Release|Any CPU
		{BD6F007A-5505-4B07-808D-1737B6B5FF1F}.Release|Any CPU.Build.0 = Release|Any CPU
		{DB455537-96EF-430A-A995-1E20FA33F9B1}.Debug|Any CPU.ActiveCfg = Debug|Any CPU
		{DB455537-96EF-430A-A995-1E20FA33F9B1}.Debug|Any CPU.Build.0 = Debug|Any CPU
		{DB455537-96EF-430A-A995-1E20FA33F9B1}.Release|Any CPU.ActiveCfg = Release|Any CPU
		{DB455537-96EF-430A-A995-1E20FA33F9B1}.Release|Any CPU.Build.0 = Release|Any CPU
	EndGlobalSection
	GlobalSection(SolutionProperties) = preSolution
		HideSolutionNode = FALSE
	EndGlobalSection
	GlobalSection(NestedProjects) = preSolution
		{9AEC4FF8-901E-4BB3-BCBE-609045CA275B} = {E846D318-D43D-4915-9B9F-F06E27F6B305}
		{9F74E583-493E-4DAB-9F5B-36A1A20BE1B5} = {E846D318-D43D-4915-9B9F-F06E27F6B305}
		{D77C13E7-30A0-45D2-8D07-83F0BBAFCE5F} = {E846D318-D43D-4915-9B9F-F06E27F6B305}
		{D6FE5724-D6AF-46F8-8E40-7FACC7F15752} = {E846D318-D43D-4915-9B9F-F06E27F6B305}
		{5D8C4F18-F026-4275-AE0A-04A8F00E0B60} = {D6FE5724-D6AF-46F8-8E40-7FACC7F15752}
		{057868FA-B94C-4FB6-9A9A-A2574C925A02} = {D6FE5724-D6AF-46F8-8E40-7FACC7F15752}
		{D2175679-E389-4852-9874-884F8E1A113D} = {057868FA-B94C-4FB6-9A9A-A2574C925A02}
		{D9A21FF3-9D50-4A34-87DA-3BC4B96D8EE0} = {057868FA-B94C-4FB6-9A9A-A2574C925A02}
		{C514ECBE-F636-4B69-9E5D-6BC1FD6BA58A} = {057868FA-B94C-4FB6-9A9A-A2574C925A02}
		{F3DE4EFE-A311-4C79-8BF2-4EFF9791F909} = {5D8C4F18-F026-4275-AE0A-04A8F00E0B60}
		{578CD63C-A25D-4B87-9BDC-983038737D64} = {D77C13E7-30A0-45D2-8D07-83F0BBAFCE5F}
		{6CA39F82-D09F-4869-97BA-436A909FA969} = {D77C13E7-30A0-45D2-8D07-83F0BBAFCE5F}
		{BD6F007A-5505-4B07-808D-1737B6B5FF1F} = {9F74E583-493E-4DAB-9F5B-36A1A20BE1B5}
		{DB455537-96EF-430A-A995-1E20FA33F9B1} = {9AEC4FF8-901E-4BB3-BCBE-609045CA275B}
	EndGlobalSection
EndGlobal
